{
  "name": "@schibstedspain/sui-dropdown-basic",
  "version": "1.23.0",
  "lockfileVersion": 1,
  "requires": true,
  "dependencies": {
    "@s-ui/component-dependencies": {
      "version": "1.5.0",
      "resolved": "https://registry.npmjs.org/@s-ui/component-dependencies/-/component-dependencies-1.5.0.tgz",
      "integrity": "sha1-Z8mkYOSAdXJYO98exRoAJIwYDCM=",
      "requires": {
        "@schibstedspain/rosetta": "3.10.2",
        "@schibstedspain/sui-theme": "8.14.1",
        "@schibstedspain/theme-basic": "7.28.0",
        "classnames": "2.2.5"
      }
    },
    "@schibstedspain/rosetta": {
      "version": "3.10.2",
      "resolved": "https://registry.npmjs.org/@schibstedspain/rosetta/-/rosetta-3.10.2.tgz",
      "integrity": "sha1-8dViEqjknQc9qGvBkenCqt0xuW4=",
      "requires": {
        "node-polyglot": "0.4.3"
      }
    },
    "@schibstedspain/sui-svgiconset": {
      "version": "1.2.0",
      "resolved": "https://registry.npmjs.org/@schibstedspain/sui-svgiconset/-/sui-svgiconset-1.2.0.tgz",
      "integrity": "sha1-QtsH9uEewtyoaMhFOyN/g3sdrjw="
    },
    "@schibstedspain/sui-theme": {
      "version": "8.14.1",
      "resolved": "https://registry.npmjs.org/@schibstedspain/sui-theme/-/sui-theme-8.14.1.tgz",
      "integrity": "sha1-l475GzD9Hcxq2ciUOe9iwkrHHy8="
    },
    "@schibstedspain/theme-basic": {
      "version": "7.28.0",
      "resolved": "https://registry.npmjs.org/@schibstedspain/theme-basic/-/theme-basic-7.28.0.tgz",
      "integrity": "sha1-ldKL2TlejS/e8/MCi880sxSR+C0="
    },
    "classnames": {
      "version": "2.2.5",
      "resolved": "https://registry.npmjs.org/classnames/-/classnames-2.2.5.tgz",
      "integrity": "sha1-+zgB1FNGdknvNgPH1hoCvRKb3m0="
    },
    "node-polyglot": {
      "version": "0.4.3",
      "resolved": "https://registry.npmjs.org/node-polyglot/-/node-polyglot-0.4.3.tgz",
      "integrity": "sha1-av/bgS4Qy6886GSIcURKBaeMBG4="
    }
  }
}
